
Microsoft Visual Studio Solution File, Format Version 12.00
# Visual Studio 15
Project("{FAE04EC0-301F-11D3-BF4B-00C04F79EFBC}") = "Assembly-CSharp", "Assembly-CSharp.csproj", "{DCC64412-B017-CAD5-FA15-F02E4D7AB26C}"
EndProject
Project("{FAE04EC0-301F-11D3-BF4B-00C04F79EFBC}") = "Oculus.VR", "Oculus.VR.csproj", "{9B8AFBC5-03DD-84F7-7EF5-4EE90FBBAFAC}"
EndProject
Project("{FAE04EC0-301F-11D3-BF4B-00C04F79EFBC}") = "Assembly-CSharp-Editor", "Assembly-CSharp-Editor.csproj", "{667F4DB7-4FAC-0AAA-9D24-05F0DE3EAD29}"
EndProject
Project("{FAE04EC0-301F-11D3-BF4B-00C04F79EFBC}") = "Oculus.VR.Scripts.Editor", "Oculus.VR.Scripts.Editor.csproj", "{866D60A4-A1D9-EDF9-4BF7-8E8FC31CA51D}"
EndProject
Project("{FAE04EC0-301F-11D3-BF4B-00C04F79EFBC}") = "Oculus.VR.Editor", "Oculus.VR.Editor.csproj", "{4E5C1D76-C2F6-2349-0AFF-EF969C8E8A91}"
EndProject
Global
	GlobalSection(SolutionConfigurationPlatforms) = preSolution
		Debug|Any CPU = Debug|Any CPU
		Release|Any CPU = Release|Any CPU
	EndGlobalSection
	GlobalSection(ProjectConfigurationPlatforms) = postSolution
		{DCC64412-B017-CAD5-FA15-F02E4D7AB26C}.Debug|Any CPU.ActiveCfg = Debug|Any CPU
		{DCC64412-B017-CAD5-FA15-F02E4D7AB26C}.Debug|Any CPU.Build.0 = Debug|Any CPU
		{DCC64412-B017-CAD5-FA15-F02E4D7AB26C}.Release|Any CPU.ActiveCfg = Release|Any CPU
		{DCC64412-B017-CAD5-FA15-F02E4D7AB26C}.Release|Any CPU.Build.0 = Release|Any CPU
		{9B8AFBC5-03DD-84F7-7EF5-4EE90FBBAFAC}.Debug|Any CPU.ActiveCfg = Debug|Any CPU
		{9B8AFBC5-03DD-84F7-7EF5-4EE90FBBAFAC}.Debug|Any CPU.Build.0 = Debug|Any CPU
		{9B8AFBC5-03DD-84F7-7EF5-4EE90FBBAFAC}.Release|Any CPU.ActiveCfg = Release|Any CPU
		{9B8AFBC5-03DD-84F7-7EF5-4EE90FBBAFAC}.Release|Any CPU.Build.0 = Release|Any CPU
		{667F4DB7-4FAC-0AAA-9D24-05F0DE3EAD29}.Debug|Any CPU.ActiveCfg = Debug|Any CPU
		{667F4DB7-4FAC-0AAA-9D24-05F0DE3EAD29}.Debug|Any CPU.Build.0 = Debug|Any CPU
		{667F4DB7-4FAC-0AAA-9D24-05F0DE3EAD29}.Release|Any CPU.ActiveCfg = Release|Any CPU
		{667F4DB7-4FAC-0AAA-9D24-05F0DE3EAD29}.Release|Any CPU.Build.0 = Release|Any CPU
		{866D60A4-A1D9-EDF9-4BF7-8E8FC31CA51D}.Debug|Any CPU.ActiveCfg = Debug|Any CPU
		{866D60A4-A1D9-EDF9-4BF7-8E8FC31CA51D}.Debug|Any CPU.Build.0 = Debug|Any CPU
		{866D60A4-A1D9-EDF9-4BF7-8E8FC31CA51D}.Release|Any CPU.ActiveCfg = Release|Any CPU
		{866D60A4-A1D9-EDF9-4BF7-8E8FC31CA51D}.Release|Any CPU.Build.0 = Release|Any CPU
		{4E5C1D76-C2F6-2349-0AFF-EF969C8E8A91}.Debug|Any CPU.ActiveCfg = Debug|Any CPU
		{4E5C1D76-C2F6-2349-0AFF-EF969C8E8A91}.Debug|Any CPU.Build.0 = Debug|Any CPU
		{4E5C1D76-C2F6-2349-0AFF-EF969C8E8A91}.Release|Any CPU.ActiveCfg = Release|Any CPU
		{4E5C1D76-C2F6-2349-0AFF-EF969C8E8A91}.Release|Any CPU.Build.0 = Release|Any CPU
	EndGlobalSection
	GlobalSection(SolutionProperties) = preSolution
		HideSolutionNode = FALSE
	EndGlobalSection
EndGlobal
